
Microsoft Visual Studio Solution File, Format Version 12.00
# Visual Studio Version 17
VisualStudioVersion = 17.10.35027.167
MinimumVisualStudioVersion = 10.0.40219.1
Project("{FAE04EC0-301F-11D3-BF4B-00C04F79EFBC}") = "exp-2b", "exp-2b\exp-2b.csproj", "{DE69FCC3-4947-4AB9-B7DE-55BE52D392ED}"
EndProject
Global
	GlobalSection(SolutionConfigurationPlatforms) = preSolution
		Debug|Any CPU = Debug|Any CPU
		Release|Any CPU = Release|Any CPU
	EndGlobalSection
	GlobalSection(ProjectConfigurationPlatforms) = postSolution
		{DE69FCC3-4947-4AB9-B7DE-55BE52D392ED}.Debug|Any CPU.ActiveCfg = Debug|Any CPU
		{DE69FCC3-4947-4AB9-B7DE-55BE52D392ED}.Debug|Any CPU.Build.0 = Debug|Any CPU
		{DE69FCC3-4947-4AB9-B7DE-55BE52D392ED}.Release|Any CPU.ActiveCfg = Release|Any CPU
		{DE69FCC3-4947-4AB9-B7DE-55BE52D392ED}.Release|Any CPU.Build.0 = Release|Any CPU
	EndGlobalSection
	GlobalSection(SolutionProperties) = preSolution
		HideSolutionNode = FALSE
	EndGlobalSection
	GlobalSection(ExtensibilityGlobals) = postSolution
		SolutionGuid = {98C2170F-20CC-49D0-B65C-8C7CABE8C2B3}
	EndGlobalSection
EndGlobal
