
Microsoft Visual Studio Solution File, Format Version 12.00
# Visual Studio Version 17
VisualStudioVersion = 17.10.35027.167
MinimumVisualStudioVersion = 10.0.40219.1
Project("{FAE04EC0-301F-11D3-BF4B-00C04F79EFBC}") = "ConsoleApp1", "ConsoleApp1\ConsoleApp1.csproj", "{49AE4165-71C4-4211-8371-6D1C38F43FF5}"
EndProject
Global
	GlobalSection(SolutionConfigurationPlatforms) = preSolution
		Debug|Any CPU = Debug|Any CPU
		Release|Any CPU = Release|Any CPU
	EndGlobalSection
	GlobalSection(ProjectConfigurationPlatforms) = postSolution
		{49AE4165-71C4-4211-8371-6D1C38F43FF5}.Debug|Any CPU.ActiveCfg = Debug|Any CPU
		{49AE4165-71C4-4211-8371-6D1C38F43FF5}.Debug|Any CPU.Build.0 = Debug|Any CPU
		{49AE4165-71C4-4211-8371-6D1C38F43FF5}.Release|Any CPU.ActiveCfg = Release|Any CPU
		{49AE4165-71C4-4211-8371-6D1C38F43FF5}.Release|Any CPU.Build.0 = Release|Any CPU
	EndGlobalSection
	GlobalSection(SolutionProperties) = preSolution
		HideSolutionNode = FALSE
	EndGlobalSection
	GlobalSection(ExtensibilityGlobals) = postSolution
		SolutionGuid = {A502B130-79EB-4B06-9927-0A44F3176646}
	EndGlobalSection
EndGlobal
