
Microsoft Visual Studio Solution File, Format Version 12.00
# Visual Studio Version 17
VisualStudioVersion = 17.10.35027.167
MinimumVisualStudioVersion = 10.0.40219.1
Project("{FAE04EC0-301F-11D3-BF4B-00C04F79EFBC}") = "exp-1b", "exp-1b\exp-1b.csproj", "{F2FCB686-AF8E-441F-B038-AAD209370AAD}"
EndProject
Global
	GlobalSection(SolutionConfigurationPlatforms) = preSolution
		Debug|Any CPU = Debug|Any CPU
		Release|Any CPU = Release|Any CPU
	EndGlobalSection
	GlobalSection(ProjectConfigurationPlatforms) = postSolution
		{F2FCB686-AF8E-441F-B038-AAD209370AAD}.Debug|Any CPU.ActiveCfg = Debug|Any CPU
		{F2FCB686-AF8E-441F-B038-AAD209370AAD}.Debug|Any CPU.Build.0 = Debug|Any CPU
		{F2FCB686-AF8E-441F-B038-AAD209370AAD}.Release|Any CPU.ActiveCfg = Release|Any CPU
		{F2FCB686-AF8E-441F-B038-AAD209370AAD}.Release|Any CPU.Build.0 = Release|Any CPU
	EndGlobalSection
	GlobalSection(SolutionProperties) = preSolution
		HideSolutionNode = FALSE
	EndGlobalSection
	GlobalSection(ExtensibilityGlobals) = postSolution
		SolutionGuid = {133498B7-8015-4BA6-91C7-FA572188ADAE}
	EndGlobalSection
EndGlobal
