
Microsoft Visual Studio Solution File, Format Version 12.00
# Visual Studio Version 17
VisualStudioVersion = 17.10.35027.167
MinimumVisualStudioVersion = 10.0.40219.1
Project("{F184B08F-C81C-45F6-A57F-5ABD9991F28F}") = "forms.cs", "forms.cs\forms.cs.vbproj", "{8B55DC5B-9FF4-449B-9F28-3AAD1351F067}"
EndProject
Global
	GlobalSection(SolutionConfigurationPlatforms) = preSolution
		Debug|Any CPU = Debug|Any CPU
		Release|Any CPU = Release|Any CPU
	EndGlobalSection
	GlobalSection(ProjectConfigurationPlatforms) = postSolution
		{8B55DC5B-9FF4-449B-9F28-3AAD1351F067}.Debug|Any CPU.ActiveCfg = Debug|Any CPU
		{8B55DC5B-9FF4-449B-9F28-3AAD1351F067}.Debug|Any CPU.Build.0 = Debug|Any CPU
		{8B55DC5B-9FF4-449B-9F28-3AAD1351F067}.Release|Any CPU.ActiveCfg = Release|Any CPU
		{8B55DC5B-9FF4-449B-9F28-3AAD1351F067}.Release|Any CPU.Build.0 = Release|Any CPU
	EndGlobalSection
	GlobalSection(SolutionProperties) = preSolution
		HideSolutionNode = FALSE
	EndGlobalSection
	GlobalSection(ExtensibilityGlobals) = postSolution
		SolutionGuid = {811FE4D9-B895-49F1-AEF4-5D1E44CDA645}
	EndGlobalSection
EndGlobal
